// !$*UTF8*$!
{
	archiveVersion = 1;
	classes = {
	};
	objectVersion = 55;
	objects = {

/* Begin PBXBuildFile section */
		C70A86A127DC6E5300852E08 /* AnimalGridItemView.swift in Sources */ = {isa = PBXBuildFile; fileRef = C70A86A027DC6E5300852E08 /* AnimalGridItemView.swift */; };
		C76F343F27DC294100EC2D80 /* LocationModel.swift in Sources */ = {isa = PBXBuildFile; fileRef = C76F343E27DC294100EC2D80 /* LocationModel.swift */; };
		C76F344127DC2B6D00EC2D80 /* MapAnnotationView.swift in Sources */ = {isa = PBXBuildFile; fileRef = C76F344027DC2B6D00EC2D80 /* MapAnnotationView.swift */; };
		C76F344327DC2FF100EC2D80 /* MotionAnimationView.swift in Sources */ = {isa = PBXBuildFile; fileRef = C76F344227DC2FF100EC2D80 /* MotionAnimationView.swift */; };
		C792071527D975AE00315A6B /* AfricaAppApp.swift in Sources */ = {isa = PBXBuildFile; fileRef = C792071427D975AE00315A6B /* AfricaAppApp.swift */; };
		C792071727D975AE00315A6B /* ContentView.swift in Sources */ = {isa = PBXBuildFile; fileRef = C792071627D975AE00315A6B /* ContentView.swift */; };
		C792071927D975AF00315A6B /* Assets.xcassets in Resources */ = {isa = PBXBuildFile; fileRef = C792071827D975AF00315A6B /* Assets.xcassets */; };
		C792071C27D975AF00315A6B /* Preview Assets.xcassets in Resources */ = {isa = PBXBuildFile; fileRef = C792071B27D975AF00315A6B /* Preview Assets.xcassets */; };
		C792072627D975AF00315A6B /* AfricaAppTests.swift in Sources */ = {isa = PBXBuildFile; fileRef = C792072527D975AF00315A6B /* AfricaAppTests.swift */; };
		C792073027D975AF00315A6B /* AfricaAppUITests.swift in Sources */ = {isa = PBXBuildFile; fileRef = C792072F27D975AF00315A6B /* AfricaAppUITests.swift */; };
		C792073227D975AF00315A6B /* AfricaAppUITestsLaunchTests.swift in Sources */ = {isa = PBXBuildFile; fileRef = C792073127D975AF00315A6B /* AfricaAppUITestsLaunchTests.swift */; };
		C792074927D97A4700315A6B /* locations.json in Resources */ = {isa = PBXBuildFile; fileRef = C792074527D97A4700315A6B /* locations.json */; };
		C792074A27D97A4700315A6B /* animals.json in Resources */ = {isa = PBXBuildFile; fileRef = C792074627D97A4700315A6B /* animals.json */; };
		C792074B27D97A4700315A6B /* covers.json in Resources */ = {isa = PBXBuildFile; fileRef = C792074727D97A4700315A6B /* covers.json */; };
		C792074C27D97A4700315A6B /* videos.json in Resources */ = {isa = PBXBuildFile; fileRef = C792074827D97A4700315A6B /* videos.json */; };
		C792074F27D97B5500315A6B /* VideoListView.swift in Sources */ = {isa = PBXBuildFile; fileRef = C792074E27D97B5500315A6B /* VideoListView.swift */; };
		C792075127D97B6500315A6B /* MapView.swift in Sources */ = {isa = PBXBuildFile; fileRef = C792075027D97B6500315A6B /* MapView.swift */; };
		C792075327D97B7600315A6B /* GalleryView.swift in Sources */ = {isa = PBXBuildFile; fileRef = C792075227D97B7600315A6B /* GalleryView.swift */; };
		C792075527D97B7D00315A6B /* MainView.swift in Sources */ = {isa = PBXBuildFile; fileRef = C792075427D97B7D00315A6B /* MainView.swift */; };
		C792075727D97BE900315A6B /* ImageExtension.swift in Sources */ = {isa = PBXBuildFile; fileRef = C792075627D97BE900315A6B /* ImageExtension.swift */; };
		C792075927D97E1B00315A6B /* CoverImageView.swift in Sources */ = {isa = PBXBuildFile; fileRef = C792075827D97E1B00315A6B /* CoverImageView.swift */; };
		C792075C27D9833F00315A6B /* CoverImageModel.swift in Sources */ = {isa = PBXBuildFile; fileRef = C792075B27D9833F00315A6B /* CoverImageModel.swift */; };
		C792076027D983F700315A6B /* BundleExtension.swift in Sources */ = {isa = PBXBuildFile; fileRef = C792075F27D983F700315A6B /* BundleExtension.swift */; };
		C7C5F93727D9897500E489D3 /* AnimalListItemView.swift in Sources */ = {isa = PBXBuildFile; fileRef = C7C5F93627D9897500E489D3 /* AnimalListItemView.swift */; };
		C7C5F93927D98A5B00E489D3 /* AnimalModel.swift in Sources */ = {isa = PBXBuildFile; fileRef = C7C5F93827D98A5B00E489D3 /* AnimalModel.swift */; };
		C7C5F93B27D98C8700E489D3 /* AnimalDetailView.swift in Sources */ = {isa = PBXBuildFile; fileRef = C7C5F93A27D98C8700E489D3 /* AnimalDetailView.swift */; };
		C7C5F93D27D98E2300E489D3 /* HeadingView.swift in Sources */ = {isa = PBXBuildFile; fileRef = C7C5F93C27D98E2300E489D3 /* HeadingView.swift */; };
		C7C5F93F27D98F0200E489D3 /* InsetGalleryView.swift in Sources */ = {isa = PBXBuildFile; fileRef = C7C5F93E27D98F0200E489D3 /* InsetGalleryView.swift */; };
		C7C5F94127D9919000E489D3 /* InsetFactView.swift in Sources */ = {isa = PBXBuildFile; fileRef = C7C5F94027D9919000E489D3 /* InsetFactView.swift */; };
		C7C5F94327D9932000E489D3 /* InsetMapView.swift in Sources */ = {isa = PBXBuildFile; fileRef = C7C5F94227D9932000E489D3 /* InsetMapView.swift */; };
		C7C5F94527D9959600E489D3 /* ExternalWebLinkView.swift in Sources */ = {isa = PBXBuildFile; fileRef = C7C5F94427D9959600E489D3 /* ExternalWebLinkView.swift */; };
		C7C5F95E27DAD18100E489D3 /* VideoModel.swift in Sources */ = {isa = PBXBuildFile; fileRef = C7C5F95D27DAD18100E489D3 /* VideoModel.swift */; };
		C7C5F96027DAD1D300E489D3 /* VideoListItemView.swift in Sources */ = {isa = PBXBuildFile; fileRef = C7C5F95F27DAD1D300E489D3 /* VideoListItemView.swift */; };
		C7C5F96227DADA6300E489D3 /* VideoPlayerView.swift in Sources */ = {isa = PBXBuildFile; fileRef = C7C5F96127DADA6300E489D3 /* VideoPlayerView.swift */; };
		C7C5F96E27DADBAD00E489D3 /* gorilla.mp4 in Resources */ = {isa = PBXBuildFile; fileRef = C7C5F96427DADBAB00E489D3 /* gorilla.mp4 */; };
		C7C5F96F27DADBAD00E489D3 /* lioness.mp4 in Resources */ = {isa = PBXBuildFile; fileRef = C7C5F96527DADBAB00E489D3 /* lioness.mp4 */; };
		C7C5F97027DADBAD00E489D3 /* ostrich.mp4 in Resources */ = {isa = PBXBuildFile; fileRef = C7C5F96627DADBAB00E489D3 /* ostrich.mp4 */; };
		C7C5F97127DADBAD00E489D3 /* hippo.mp4 in Resources */ = {isa = PBXBuildFile; fileRef = C7C5F96727DADBAC00E489D3 /* hippo.mp4 */; };
		C7C5F97227DADBAD00E489D3 /* lion.mp4 in Resources */ = {isa = PBXBuildFile; fileRef = C7C5F96827DADBAC00E489D3 /* lion.mp4 */; };
		C7C5F97327DADBAD00E489D3 /* cheetah.mp4 in Resources */ = {isa = PBXBuildFile; fileRef = C7C5F96927DADBAC00E489D3 /* cheetah.mp4 */; };
		C7C5F97427DADBAD00E489D3 /* rhino.mp4 in Resources */ = {isa = PBXBuildFile; fileRef = C7C5F96A27DADBAC00E489D3 /* rhino.mp4 */; };
		C7C5F97527DADBAD00E489D3 /* elephant.mp4 in Resources */ = {isa = PBXBuildFile; fileRef = C7C5F96B27DADBAD00E489D3 /* elephant.mp4 */; };
		C7C5F97627DADBAD00E489D3 /* zebra.mp4 in Resources */ = {isa = PBXBuildFile; fileRef = C7C5F96C27DADBAD00E489D3 /* zebra.mp4 */; };
		C7C5F97727DADBAD00E489D3 /* giraffe.mp4 in Resources */ = {isa = PBXBuildFile; fileRef = C7C5F96D27DADBAD00E489D3 /* giraffe.mp4 */; };
		C7C5F97927DADBF800E489D3 /* VideoPlayerHelper.swift in Sources */ = {isa = PBXBuildFile; fileRef = C7C5F97827DADBF800E489D3 /* VideoPlayerHelper.swift */; };
/* End PBXBuildFile section */

/* Begin PBXContainerItemProxy section */
		C792072227D975AF00315A6B /* PBXContainerItemProxy */ = {
			isa = PBXContainerItemProxy;
			containerPortal = C792070927D975AE00315A6B /* Project object */;
			proxyType = 1;
			remoteGlobalIDString = C792071027D975AE00315A6B;
			remoteInfo = AfricaApp;
		};
		C792072C27D975AF00315A6B /* PBXContainerItemProxy */ = {
			isa = PBXContainerItemProxy;
			containerPortal = C792070927D975AE00315A6B /* Project object */;
			proxyType = 1;
			remoteGlobalIDString = C792071027D975AE00315A6B;
			remoteInfo = AfricaApp;
		};
/* End PBXContainerItemProxy section */

/* Begin PBXFileReference section */
		C70A86A027DC6E5300852E08 /* AnimalGridItemView.swift */ = {isa = PBXFileReference; lastKnownFileType = sourcecode.swift; path = AnimalGridItemView.swift; sourceTree = "<group>"; };
		C76F343E27DC294100EC2D80 /* LocationModel.swift */ = {isa = PBXFileReference; lastKnownFileType = sourcecode.swift; path = LocationModel.swift; sourceTree = "<group>"; };
		C76F344027DC2B6D00EC2D80 /* MapAnnotationView.swift */ = {isa = PBXFileReference; lastKnownFileType = sourcecode.swift; path = MapAnnotationView.swift; sourceTree = "<group>"; };
		C76F344227DC2FF100EC2D80 /* MotionAnimationView.swift */ = {isa = PBXFileReference; lastKnownFileType = sourcecode.swift; path = MotionAnimationView.swift; sourceTree = "<group>"; };
		C792071127D975AE00315A6B /* AfricaApp.app */ = {isa = PBXFileReference; explicitFileType = wrapper.application; includeInIndex = 0; path = AfricaApp.app; sourceTree = BUILT_PRODUCTS_DIR; };
		C792071427D975AE00315A6B /* AfricaAppApp.swift */ = {isa = PBXFileReference; lastKnownFileType = sourcecode.swift; path = AfricaAppApp.swift; sourceTree = "<group>"; };
		C792071627D975AE00315A6B /* ContentView.swift */ = {isa = PBXFileReference; lastKnownFileType = sourcecode.swift; path = ContentView.swift; sourceTree = "<group>"; };
		C792071827D975AF00315A6B /* Assets.xcassets */ = {isa = PBXFileReference; lastKnownFileType = folder.assetcatalog; path = Assets.xcassets; sourceTree = "<group>"; };
		C792071B27D975AF00315A6B /* Preview Assets.xcassets */ = {isa = PBXFileReference; lastKnownFileType = folder.assetcatalog; path = "Preview Assets.xcassets"; sourceTree = "<group>"; };
		C792072127D975AF00315A6B /* AfricaAppTests.xctest */ = {isa = PBXFileReference; explicitFileType = wrapper.cfbundle; includeInIndex = 0; path = AfricaAppTests.xctest; sourceTree = BUILT_PRODUCTS_DIR; };
		C792072527D975AF00315A6B /* AfricaAppTests.swift */ = {isa = PBXFileReference; lastKnownFileType = sourcecode.swift; path = AfricaAppTests.swift; sourceTree = "<group>"; };
		C792072B27D975AF00315A6B /* AfricaAppUITests.xctest */ = {isa = PBXFileReference; explicitFileType = wrapper.cfbundle; includeInIndex = 0; path = AfricaAppUITests.xctest; sourceTree = BUILT_PRODUCTS_DIR; };
		C792072F27D975AF00315A6B /* AfricaAppUITests.swift */ = {isa = PBXFileReference; lastKnownFileType = sourcecode.swift; path = AfricaAppUITests.swift; sourceTree = "<group>"; };
		C792073127D975AF00315A6B /* AfricaAppUITestsLaunchTests.swift */ = {isa = PBXFileReference; lastKnownFileType = sourcecode.swift; path = AfricaAppUITestsLaunchTests.swift; sourceTree = "<group>"; };
		C792074527D97A4700315A6B /* locations.json */ = {isa = PBXFileReference; fileEncoding = 4; lastKnownFileType = text.json; path = locations.json; sourceTree = "<group>"; };
		C792074627D97A4700315A6B /* animals.json */ = {isa = PBXFileReference; fileEncoding = 4; lastKnownFileType = text.json; path = animals.json; sourceTree = "<group>"; };
		C792074727D97A4700315A6B /* covers.json */ = {isa = PBXFileReference; fileEncoding = 4; lastKnownFileType = text.json; path = covers.json; sourceTree = "<group>"; };
		C792074827D97A4700315A6B /* videos.json */ = {isa = PBXFileReference; fileEncoding = 4; lastKnownFileType = text.json; path = videos.json; sourceTree = "<group>"; };
		C792074D27D97AC800315A6B /* Info.plist */ = {isa = PBXFileReference; lastKnownFileType = text.plist; path = Info.plist; sourceTree = "<group>"; };
		C792074E27D97B5500315A6B /* VideoListView.swift */ = {isa = PBXFileReference; lastKnownFileType = sourcecode.swift; path = VideoListView.swift; sourceTree = "<group>"; };
		C792075027D97B6500315A6B /* MapView.swift */ = {isa = PBXFileReference; lastKnownFileType = sourcecode.swift; path = MapView.swift; sourceTree = "<group>"; };
		C792075227D97B7600315A6B /* GalleryView.swift */ = {isa = PBXFileReference; lastKnownFileType = sourcecode.swift; path = GalleryView.swift; sourceTree = "<group>"; };
		C792075427D97B7D00315A6B /* MainView.swift */ = {isa = PBXFileReference; lastKnownFileType = sourcecode.swift; path = MainView.swift; sourceTree = "<group>"; };
		C792075627D97BE900315A6B /* ImageExtension.swift */ = {isa = PBXFileReference; lastKnownFileType = sourcecode.swift; name = ImageExtension.swift; path = AfricaApp/Utilities/ImageExtension.swift; sourceTree = SOURCE_ROOT; };
		C792075827D97E1B00315A6B /* CoverImageView.swift */ = {isa = PBXFileReference; lastKnownFileType = sourcecode.swift; path = CoverImageView.swift; sourceTree = "<group>"; };
		C792075B27D9833F00315A6B /* CoverImageModel.swift */ = {isa = PBXFileReference; lastKnownFileType = sourcecode.swift; path = CoverImageModel.swift; sourceTree = "<group>"; };
		C792075F27D983F700315A6B /* BundleExtension.swift */ = {isa = PBXFileReference; lastKnownFileType = sourcecode.swift; path = BundleExtension.swift; sourceTree = "<group>"; };
		C7C5F93627D9897500E489D3 /* AnimalListItemView.swift */ = {isa = PBXFileReference; lastKnownFileType = sourcecode.swift; path = AnimalListItemView.swift; sourceTree = "<group>"; };
		C7C5F93827D98A5B00E489D3 /* AnimalModel.swift */ = {isa = PBXFileReference; lastKnownFileType = sourcecode.swift; path = AnimalModel.swift; sourceTree = "<group>"; };
		C7C5F93A27D98C8700E489D3 /* AnimalDetailView.swift */ = {isa = PBXFileReference; lastKnownFileType = sourcecode.swift; path = AnimalDetailView.swift; sourceTree = "<group>"; };
		C7C5F93C27D98E2300E489D3 /* HeadingView.swift */ = {isa = PBXFileReference; lastKnownFileType = sourcecode.swift; path = HeadingView.swift; sourceTree = "<group>"; };
		C7C5F93E27D98F0200E489D3 /* InsetGalleryView.swift */ = {isa = PBXFileReference; lastKnownFileType = sourcecode.swift; path = InsetGalleryView.swift; sourceTree = "<group>"; };
		C7C5F94027D9919000E489D3 /* InsetFactView.swift */ = {isa = PBXFileReference; lastKnownFileType = sourcecode.swift; path = InsetFactView.swift; sourceTree = "<group>"; };
		C7C5F94227D9932000E489D3 /* InsetMapView.swift */ = {isa = PBXFileReference; lastKnownFileType = sourcecode.swift; path = InsetMapView.swift; sourceTree = "<group>"; };
		C7C5F94427D9959600E489D3 /* ExternalWebLinkView.swift */ = {isa = PBXFileReference; lastKnownFileType = sourcecode.swift; path = ExternalWebLinkView.swift; sourceTree = "<group>"; };
		C7C5F95D27DAD18100E489D3 /* VideoModel.swift */ = {isa = PBXFileReference; lastKnownFileType = sourcecode.swift; name = VideoModel.swift; path = AfricaApp/Model/VideoModel.swift; sourceTree = SOURCE_ROOT; };
		C7C5F95F27DAD1D300E489D3 /* VideoListItemView.swift */ = {isa = PBXFileReference; lastKnownFileType = sourcecode.swift; path = VideoListItemView.swift; sourceTree = "<group>"; };
		C7C5F96127DADA6300E489D3 /* VideoPlayerView.swift */ = {isa = PBXFileReference; lastKnownFileType = sourcecode.swift; path = VideoPlayerView.swift; sourceTree = "<group>"; };
		C7C5F96427DADBAB00E489D3 /* gorilla.mp4 */ = {isa = PBXFileReference; lastKnownFileType = file; path = gorilla.mp4; sourceTree = "<group>"; };
		C7C5F96527DADBAB00E489D3 /* lioness.mp4 */ = {isa = PBXFileReference; lastKnownFileType = file; path = lioness.mp4; sourceTree = "<group>"; };
		C7C5F96627DADBAB00E489D3 /* ostrich.mp4 */ = {isa = PBXFileReference; lastKnownFileType = file; path = ostrich.mp4; sourceTree = "<group>"; };
		C7C5F96727DADBAC00E489D3 /* hippo.mp4 */ = {isa = PBXFileReference; lastKnownFileType = file; path = hippo.mp4; sourceTree = "<group>"; };
		C7C5F96827DADBAC00E489D3 /* lion.mp4 */ = {isa = PBXFileReference; lastKnownFileType = file; path = lion.mp4; sourceTree = "<group>"; };
		C7C5F96927DADBAC00E489D3 /* cheetah.mp4 */ = {isa = PBXFileReference; lastKnownFileType = file; path = cheetah.mp4; sourceTree = "<group>"; };
		C7C5F96A27DADBAC00E489D3 /* rhino.mp4 */ = {isa = PBXFileReference; lastKnownFileType = file; path = rhino.mp4; sourceTree = "<group>"; };
		C7C5F96B27DADBAD00E489D3 /* elephant.mp4 */ = {isa = PBXFileReference; lastKnownFileType = file; path = elephant.mp4; sourceTree = "<group>"; };
		C7C5F96C27DADBAD00E489D3 /* zebra.mp4 */ = {isa = PBXFileReference; lastKnownFileType = file; path = zebra.mp4; sourceTree = "<group>"; };
		C7C5F96D27DADBAD00E489D3 /* giraffe.mp4 */ = {isa = PBXFileReference; lastKnownFileType = file; path = giraffe.mp4; sourceTree = "<group>"; };
		C7C5F97827DADBF800E489D3 /* VideoPlayerHelper.swift */ = {isa = PBXFileReference; lastKnownFileType = sourcecode.swift; path = VideoPlayerHelper.swift; sourceTree = "<group>"; };
/* End PBXFileReference section */

/* Begin PBXFrameworksBuildPhase section */
		C792070E27D975AE00315A6B /* Frameworks */ = {
			isa = PBXFrameworksBuildPhase;
			buildActionMask = 2147483647;
			files = (
			);
			runOnlyForDeploymentPostprocessing = 0;
		};
		C792071E27D975AF00315A6B /* Frameworks */ = {
			isa = PBXFrameworksBuildPhase;
			buildActionMask = 2147483647;
			files = (
			);
			runOnlyForDeploymentPostprocessing = 0;
		};
		C792072827D975AF00315A6B /* Frameworks */ = {
			isa = PBXFrameworksBuildPhase;
			buildActionMask = 2147483647;
			files = (
			);
			runOnlyForDeploymentPostprocessing = 0;
		};
/* End PBXFrameworksBuildPhase section */

/* Begin PBXGroup section */
		C792070827D975AE00315A6B = {
			isa = PBXGroup;
			children = (
				C792071327D975AE00315A6B /* AfricaApp */,
				C792072427D975AF00315A6B /* AfricaAppTests */,
				C792072E27D975AF00315A6B /* AfricaAppUITests */,
				C792071227D975AE00315A6B /* Products */,
			);
			sourceTree = "<group>";
		};
		C792071227D975AE00315A6B /* Products */ = {
			isa = PBXGroup;
			children = (
				C792071127D975AE00315A6B /* AfricaApp.app */,
				C792072127D975AF00315A6B /* AfricaAppTests.xctest */,
				C792072B27D975AF00315A6B /* AfricaAppUITests.xctest */,
			);
			name = Products;
			sourceTree = "<group>";
		};
		C792071327D975AE00315A6B /* AfricaApp */ = {
			isa = PBXGroup;
			children = (
				C792074D27D97AC800315A6B /* Info.plist */,
				C792075A27D9833400315A6B /* Model */,
				C792074427D97A3800315A6B /* Data */,
				C792074127D9769200315A6B /* Utilities */,
				C792074027D9768D00315A6B /* Views */,
				C792073F27D9768500315A6B /* Infra */,
				C792073E27D9767A00315A6B /* Modules */,
				C7C5F96327DADB9F00E489D3 /* Videos */,
				C792071827D975AF00315A6B /* Assets.xcassets */,
				C792071A27D975AF00315A6B /* Preview Content */,
			);
			path = AfricaApp;
			sourceTree = "<group>";
		};
		C792071A27D975AF00315A6B /* Preview Content */ = {
			isa = PBXGroup;
			children = (
				C792071B27D975AF00315A6B /* Preview Assets.xcassets */,
			);
			path = "Preview Content";
			sourceTree = "<group>";
		};
		C792072427D975AF00315A6B /* AfricaAppTests */ = {
			isa = PBXGroup;
			children = (
				C792072527D975AF00315A6B /* AfricaAppTests.swift */,
			);
			path = AfricaAppTests;
			sourceTree = "<group>";
		};
		C792072E27D975AF00315A6B /* AfricaAppUITests */ = {
			isa = PBXGroup;
			children = (
				C792072F27D975AF00315A6B /* AfricaAppUITests.swift */,
				C792073127D975AF00315A6B /* AfricaAppUITestsLaunchTests.swift */,
			);
			path = AfricaAppUITests;
			sourceTree = "<group>";
		};
		C792073E27D9767A00315A6B /* Modules */ = {
			isa = PBXGroup;
			children = (
				C7C5F96127DADA6300E489D3 /* VideoPlayerView.swift */,
				C7C5F93A27D98C8700E489D3 /* AnimalDetailView.swift */,
				C792071627D975AE00315A6B /* ContentView.swift */,
				C792075227D97B7600315A6B /* GalleryView.swift */,
				C792074E27D97B5500315A6B /* VideoListView.swift */,
				C792075027D97B6500315A6B /* MapView.swift */,
				C792075427D97B7D00315A6B /* MainView.swift */,
			);
			path = Modules;
			sourceTree = "<group>";
		};
		C792073F27D9768500315A6B /* Infra */ = {
			isa = PBXGroup;
			children = (
				C792071427D975AE00315A6B /* AfricaAppApp.swift */,
			);
			path = Infra;
			sourceTree = "<group>";
		};
		C792074027D9768D00315A6B /* Views */ = {
			isa = PBXGroup;
			children = (
				C76F344027DC2B6D00EC2D80 /* MapAnnotationView.swift */,
				C792075827D97E1B00315A6B /* CoverImageView.swift */,
				C7C5F93627D9897500E489D3 /* AnimalListItemView.swift */,
				C7C5F95F27DAD1D300E489D3 /* VideoListItemView.swift */,
				C7C5F94427D9959600E489D3 /* ExternalWebLinkView.swift */,
				C7C5F94227D9932000E489D3 /* InsetMapView.swift */,
				C7C5F94027D9919000E489D3 /* InsetFactView.swift */,
				C7C5F93E27D98F0200E489D3 /* InsetGalleryView.swift */,
				C7C5F93C27D98E2300E489D3 /* HeadingView.swift */,
				C76F344227DC2FF100EC2D80 /* MotionAnimationView.swift */,
				C70A86A027DC6E5300852E08 /* AnimalGridItemView.swift */,
			);
			path = Views;
			sourceTree = "<group>";
		};
		C792074127D9769200315A6B /* Utilities */ = {
			isa = PBXGroup;
			children = (
				C792075627D97BE900315A6B /* ImageExtension.swift */,
				C792075F27D983F700315A6B /* BundleExtension.swift */,
				C7C5F97827DADBF800E489D3 /* VideoPlayerHelper.swift */,
			);
			path = Utilities;
			sourceTree = "<group>";
		};
		C792074427D97A3800315A6B /* Data */ = {
			isa = PBXGroup;
			children = (
				C792074627D97A4700315A6B /* animals.json */,
				C792074727D97A4700315A6B /* covers.json */,
				C792074527D97A4700315A6B /* locations.json */,
				C792074827D97A4700315A6B /* videos.json */,
			);
			path = Data;
			sourceTree = "<group>";
		};
		C792075A27D9833400315A6B /* Model */ = {
			isa = PBXGroup;
			children = (
				C792075B27D9833F00315A6B /* CoverImageModel.swift */,
				C7C5F95D27DAD18100E489D3 /* VideoModel.swift */,
				C7C5F93827D98A5B00E489D3 /* AnimalModel.swift */,
				C76F343E27DC294100EC2D80 /* LocationModel.swift */,
			);
			path = Model;
			sourceTree = "<group>";
		};
		C7C5F96327DADB9F00E489D3 /* Videos */ = {
			isa = PBXGroup;
			children = (
				C7C5F96927DADBAC00E489D3 /* cheetah.mp4 */,
				C7C5F96B27DADBAD00E489D3 /* elephant.mp4 */,
				C7C5F96D27DADBAD00E489D3 /* giraffe.mp4 */,
				C7C5F96427DADBAB00E489D3 /* gorilla.mp4 */,
				C7C5F96727DADBAC00E489D3 /* hippo.mp4 */,
				C7C5F96827DADBAC00E489D3 /* lion.mp4 */,
				C7C5F96527DADBAB00E489D3 /* lioness.mp4 */,
				C7C5F96627DADBAB00E489D3 /* ostrich.mp4 */,
				C7C5F96A27DADBAC00E489D3 /* rhino.mp4 */,
				C7C5F96C27DADBAD00E489D3 /* zebra.mp4 */,
			);
			path = Videos;
			sourceTree = "<group>";
		};
/* End PBXGroup section */

/* Begin PBXNativeTarget section */
		C792071027D975AE00315A6B /* AfricaApp */ = {
			isa = PBXNativeTarget;
			buildConfigurationList = C792073527D975AF00315A6B /* Build configuration list for PBXNativeTarget "AfricaApp" */;
			buildPhases = (
				C792070D27D975AE00315A6B /* Sources */,
				C792070E27D975AE00315A6B /* Frameworks */,
				C792070F27D975AE00315A6B /* Resources */,
			);
			buildRules = (
			);
			dependencies = (
			);
			name = AfricaApp;
			productName = AfricaApp;
			productReference = C792071127D975AE00315A6B /* AfricaApp.app */;
			productType = "com.apple.product-type.application";
		};
		C792072027D975AF00315A6B /* AfricaAppTests */ = {
			isa = PBXNativeTarget;
			buildConfigurationList = C792073827D975AF00315A6B /* Build configuration list for PBXNativeTarget "AfricaAppTests" */;
			buildPhases = (
				C792071D27D975AF00315A6B /* Sources */,
				C792071E27D975AF00315A6B /* Frameworks */,
				C792071F27D975AF00315A6B /* Resources */,
			);
			buildRules = (
			);
			dependencies = (
				C792072327D975AF00315A6B /* PBXTargetDependency */,
			);
			name = AfricaAppTests;
			productName = AfricaAppTests;
			productReference = C792072127D975AF00315A6B /* AfricaAppTests.xctest */;
			productType = "com.apple.product-type.bundle.unit-test";
		};
		C792072A27D975AF00315A6B /* AfricaAppUITests */ = {
			isa = PBXNativeTarget;
			buildConfigurationList = C792073B27D975AF00315A6B /* Build configuration list for PBXNativeTarget "AfricaAppUITests" */;
			buildPhases = (
				C792072727D975AF00315A6B /* Sources */,
				C792072827D975AF00315A6B /* Frameworks */,
				C792072927D975AF00315A6B /* Resources */,
			);
			buildRules = (
			);
			dependencies = (
				C792072D27D975AF00315A6B /* PBXTargetDependency */,
			);
			name = AfricaAppUITests;
			productName = AfricaAppUITests;
			productReference = C792072B27D975AF00315A6B /* AfricaAppUITests.xctest */;
			productType = "com.apple.product-type.bundle.ui-testing";
		};
/* End PBXNativeTarget section */

/* Begin PBXProject section */
		C792070927D975AE00315A6B /* Project object */ = {
			isa = PBXProject;
			attributes = {
				BuildIndependentTargetsInParallel = 1;
				LastSwiftUpdateCheck = 1320;
				LastUpgradeCheck = 1320;
				TargetAttributes = {
					C792071027D975AE00315A6B = {
						CreatedOnToolsVersion = 13.2.1;
					};
					C792072027D975AF00315A6B = {
						CreatedOnToolsVersion = 13.2.1;
						TestTargetID = C792071027D975AE00315A6B;
					};
					C792072A27D975AF00315A6B = {
						CreatedOnToolsVersion = 13.2.1;
						TestTargetID = C792071027D975AE00315A6B;
					};
				};
			};
			buildConfigurationList = C792070C27D975AE00315A6B /* Build configuration list for PBXProject "AfricaApp" */;
			compatibilityVersion = "Xcode 13.0";
			developmentRegion = en;
			hasScannedForEncodings = 0;
			knownRegions = (
				en,
				Base,
			);
			mainGroup = C792070827D975AE00315A6B;
			productRefGroup = C792071227D975AE00315A6B /* Products */;
			projectDirPath = "";
			projectRoot = "";
			targets = (
				C792071027D975AE00315A6B /* AfricaApp */,
				C792072027D975AF00315A6B /* AfricaAppTests */,
				C792072A27D975AF00315A6B /* AfricaAppUITests */,
			);
		};
/* End PBXProject section */

/* Begin PBXResourcesBuildPhase section */
		C792070F27D975AE00315A6B /* Resources */ = {
			isa = PBXResourcesBuildPhase;
			buildActionMask = 2147483647;
			files = (
				C792074A27D97A4700315A6B /* animals.json in Resources */,
				C7C5F97227DADBAD00E489D3 /* lion.mp4 in Resources */,
				C7C5F97727DADBAD00E489D3 /* giraffe.mp4 in Resources */,
				C7C5F97127DADBAD00E489D3 /* hippo.mp4 in Resources */,
				C792074B27D97A4700315A6B /* covers.json in Resources */,
				C7C5F97427DADBAD00E489D3 /* rhino.mp4 in Resources */,
				C7C5F96F27DADBAD00E489D3 /* lioness.mp4 in Resources */,
				C792074C27D97A4700315A6B /* videos.json in Resources */,
				C7C5F97527DADBAD00E489D3 /* elephant.mp4 in Resources */,
				C7C5F96E27DADBAD00E489D3 /* gorilla.mp4 in Resources */,
				C792071C27D975AF00315A6B /* Preview Assets.xcassets in Resources */,
				C792074927D97A4700315A6B /* locations.json in Resources */,
				C7C5F97627DADBAD00E489D3 /* zebra.mp4 in Resources */,
				C7C5F97327DADBAD00E489D3 /* cheetah.mp4 in Resources */,
				C7C5F97027DADBAD00E489D3 /* ostrich.mp4 in Resources */,
				C792071927D975AF00315A6B /* Assets.xcassets in Resources */,
			);
			runOnlyForDeploymentPostprocessing = 0;
		};
		C792071F27D975AF00315A6B /* Resources */ = {
			isa = PBXResourcesBuildPhase;
			buildActionMask = 2147483647;
			files = (
			);
			runOnlyForDeploymentPostprocessing = 0;
		};
		C792072927D975AF00315A6B /* Resources */ = {
			isa = PBXResourcesBuildPhase;
			buildActionMask = 2147483647;
			files = (
			);
			runOnlyForDeploymentPostprocessing = 0;
		};
/* End PBXResourcesBuildPhase section */

/* Begin PBXSourcesBuildPhase section */
		C792070D27D975AE00315A6B /* Sources */ = {
			isa = PBXSourcesBuildPhase;
			buildActionMask = 2147483647;
			files = (
				C7C5F96027DAD1D300E489D3 /* VideoListItemView.swift in Sources */,
				C7C5F93727D9897500E489D3 /* AnimalListItemView.swift in Sources */,
				C792071727D975AE00315A6B /* ContentView.swift in Sources */,
				C76F343F27DC294100EC2D80 /* LocationModel.swift in Sources */,
				C7C5F93F27D98F0200E489D3 /* InsetGalleryView.swift in Sources */,
				C70A86A127DC6E5300852E08 /* AnimalGridItemView.swift in Sources */,
				C792075527D97B7D00315A6B /* MainView.swift in Sources */,
				C76F344127DC2B6D00EC2D80 /* MapAnnotationView.swift in Sources */,
				C792075127D97B6500315A6B /* MapView.swift in Sources */,
				C7C5F93B27D98C8700E489D3 /* AnimalDetailView.swift in Sources */,
				C7C5F93D27D98E2300E489D3 /* HeadingView.swift in Sources */,
				C792076027D983F700315A6B /* BundleExtension.swift in Sources */,
				C792075727D97BE900315A6B /* ImageExtension.swift in Sources */,
				C792075C27D9833F00315A6B /* CoverImageModel.swift in Sources */,
				C7C5F94527D9959600E489D3 /* ExternalWebLinkView.swift in Sources */,
				C7C5F95E27DAD18100E489D3 /* VideoModel.swift in Sources */,
				C7C5F94127D9919000E489D3 /* InsetFactView.swift in Sources */,
				C7C5F93927D98A5B00E489D3 /* AnimalModel.swift in Sources */,
				C792075927D97E1B00315A6B /* CoverImageView.swift in Sources */,
				C792071527D975AE00315A6B /* AfricaAppApp.swift in Sources */,
				C7C5F94327D9932000E489D3 /* InsetMapView.swift in Sources */,
				C792074F27D97B5500315A6B /* VideoListView.swift in Sources */,
				C792075327D97B7600315A6B /* GalleryView.swift in Sources */,
				C7C5F97927DADBF800E489D3 /* VideoPlayerHelper.swift in Sources */,
				C7C5F96227DADA6300E489D3 /* VideoPlayerView.swift in Sources */,
				C76F344327DC2FF100EC2D80 /* MotionAnimationView.swift in Sources */,
			);
			runOnlyForDeploymentPostprocessing = 0;
		};
		C792071D27D975AF00315A6B /* Sources */ = {
			isa = PBXSourcesBuildPhase;
			buildActionMask = 2147483647;
			files = (
				C792072627D975AF00315A6B /* AfricaAppTests.swift in Sources */,
			);
			runOnlyForDeploymentPostprocessing = 0;
		};
		C792072727D975AF00315A6B /* Sources */ = {
			isa = PBXSourcesBuildPhase;
			buildActionMask = 2147483647;
			files = (
				C792073227D975AF00315A6B /* AfricaAppUITestsLaunchTests.swift in Sources */,
				C792073027D975AF00315A6B /* AfricaAppUITests.swift in Sources */,
			);
			runOnlyForDeploymentPostprocessing = 0;
		};
/* End PBXSourcesBuildPhase section */

/* Begin PBXTargetDependency section */
		C792072327D975AF00315A6B /* PBXTargetDependency */ = {
			isa = PBXTargetDependency;
			target = C792071027D975AE00315A6B /* AfricaApp */;
			targetProxy = C792072227D975AF00315A6B /* PBXContainerItemProxy */;
		};
		C792072D27D975AF00315A6B /* PBXTargetDependency */ = {
			isa = PBXTargetDependency;
			target = C792071027D975AE00315A6B /* AfricaApp */;
			targetProxy = C792072C27D975AF00315A6B /* PBXContainerItemProxy */;
		};
/* End PBXTargetDependency section */

/* Begin XCBuildConfiguration section */
		C792073327D975AF00315A6B /* Debug */ = {
			isa = XCBuildConfiguration;
			buildSettings = {
				ALWAYS_SEARCH_USER_PATHS = NO;
				CLANG_ANALYZER_NONNULL = YES;
				CLANG_ANALYZER_NUMBER_OBJECT_CONVERSION = YES_AGGRESSIVE;
				CLANG_CXX_LANGUAGE_STANDARD = "gnu++17";
				CLANG_CXX_LIBRARY = "libc++";
				CLANG_ENABLE_MODULES = YES;
				CLANG_ENABLE_OBJC_ARC = YES;
				CLANG_ENABLE_OBJC_WEAK = YES;
				CLANG_WARN_BLOCK_CAPTURE_AUTORELEASING = YES;
				CLANG_WARN_BOOL_CONVERSION = YES;
				CLANG_WARN_COMMA = YES;
				CLANG_WARN_CONSTANT_CONVERSION = YES;
				CLANG_WARN_DEPRECATED_OBJC_IMPLEMENTATIONS = YES;
				CLANG_WARN_DIRECT_OBJC_ISA_USAGE = YES_ERROR;
				CLANG_WARN_DOCUMENTATION_COMMENTS = YES;
				CLANG_WARN_EMPTY_BODY = YES;
				CLANG_WARN_ENUM_CONVERSION = YES;
				CLANG_WARN_INFINITE_RECURSION = YES;
				CLANG_WARN_INT_CONVERSION = YES;
				CLANG_WARN_NON_LITERAL_NULL_CONVERSION = YES;
				CLANG_WARN_OBJC_IMPLICIT_RETAIN_SELF = YES;
				CLANG_WARN_OBJC_LITERAL_CONVERSION = YES;
				CLANG_WARN_OBJC_ROOT_CLASS = YES_ERROR;
				CLANG_WARN_QUOTED_INCLUDE_IN_FRAMEWORK_HEADER = YES;
				CLANG_WARN_RANGE_LOOP_ANALYSIS = YES;
				CLANG_WARN_STRICT_PROTOTYPES = YES;
				CLANG_WARN_SUSPICIOUS_MOVE = YES;
				CLANG_WARN_UNGUARDED_AVAILABILITY = YES_AGGRESSIVE;
				CLANG_WARN_UNREACHABLE_CODE = YES;
				CLANG_WARN__DUPLICATE_METHOD_MATCH = YES;
				COPY_PHASE_STRIP = NO;
				DEBUG_INFORMATION_FORMAT = dwarf;
				ENABLE_STRICT_OBJC_MSGSEND = YES;
				ENABLE_TESTABILITY = YES;
				GCC_C_LANGUAGE_STANDARD = gnu11;
				GCC_DYNAMIC_NO_PIC = NO;
				GCC_NO_COMMON_BLOCKS = YES;
				GCC_OPTIMIZATION_LEVEL = 0;
				GCC_PREPROCESSOR_DEFINITIONS = (
					"DEBUG=1",
					"$(inherited)",
				);
				GCC_WARN_64_TO_32_BIT_CONVERSION = YES;
				GCC_WARN_ABOUT_RETURN_TYPE = YES_ERROR;
				GCC_WARN_UNDECLARED_SELECTOR = YES;
				GCC_WARN_UNINITIALIZED_AUTOS = YES_AGGRESSIVE;
				GCC_WARN_UNUSED_FUNCTION = YES;
				GCC_WARN_UNUSED_VARIABLE = YES;
				IPHONEOS_DEPLOYMENT_TARGET = 15.2;
				MTL_ENABLE_DEBUG_INFO = INCLUDE_SOURCE;
				MTL_FAST_MATH = YES;
				ONLY_ACTIVE_ARCH = YES;
				SDKROOT = iphoneos;
				SWIFT_ACTIVE_COMPILATION_CONDITIONS = DEBUG;
				SWIFT_OPTIMIZATION_LEVEL = "-Onone";
			};
			name = Debug;
		};
		C792073427D975AF00315A6B /* Release */ = {
			isa = XCBuildConfiguration;
			buildSettings = {
				ALWAYS_SEARCH_USER_PATHS = NO;
				CLANG_ANALYZER_NONNULL = YES;
				CLANG_ANALYZER_NUMBER_OBJECT_CONVERSION = YES_AGGRESSIVE;
				CLANG_CXX_LANGUAGE_STANDARD = "gnu++17";
				CLANG_CXX_LIBRARY = "libc++";
				CLANG_ENABLE_MODULES = YES;
				CLANG_ENABLE_OBJC_ARC = YES;
				CLANG_ENABLE_OBJC_WEAK = YES;
				CLANG_WARN_BLOCK_CAPTURE_AUTORELEASING = YES;
				CLANG_WARN_BOOL_CONVERSION = YES;
				CLANG_WARN_COMMA = YES;
				CLANG_WARN_CONSTANT_CONVERSION = YES;
				CLANG_WARN_DEPRECATED_OBJC_IMPLEMENTATIONS = YES;
				CLANG_WARN_DIRECT_OBJC_ISA_USAGE = YES_ERROR;
				CLANG_WARN_DOCUMENTATION_COMMENTS = YES;
				CLANG_WARN_EMPTY_BODY = YES;
				CLANG_WARN_ENUM_CONVERSION = YES;
				CLANG_WARN_INFINITE_RECURSION = YES;
				CLANG_WARN_INT_CONVERSION = YES;
				CLANG_WARN_NON_LITERAL_NULL_CONVERSION = YES;
				CLANG_WARN_OBJC_IMPLICIT_RETAIN_SELF = YES;
				CLANG_WARN_OBJC_LITERAL_CONVERSION = YES;
				CLANG_WARN_OBJC_ROOT_CLASS = YES_ERROR;
				CLANG_WARN_QUOTED_INCLUDE_IN_FRAMEWORK_HEADER = YES;
				CLANG_WARN_RANGE_LOOP_ANALYSIS = YES;
				CLANG_WARN_STRICT_PROTOTYPES = YES;
				CLANG_WARN_SUSPICIOUS_MOVE = YES;
				CLANG_WARN_UNGUARDED_AVAILABILITY = YES_AGGRESSIVE;
				CLANG_WARN_UNREACHABLE_CODE = YES;
				CLANG_WARN__DUPLICATE_METHOD_MATCH = YES;
				COPY_PHASE_STRIP = NO;
				DEBUG_INFORMATION_FORMAT = "dwarf-with-dsym";
				ENABLE_NS_ASSERTIONS = NO;
				ENABLE_STRICT_OBJC_MSGSEND = YES;
				GCC_C_LANGUAGE_STANDARD = gnu11;
				GCC_NO_COMMON_BLOCKS = YES;
				GCC_WARN_64_TO_32_BIT_CONVERSION = YES;
				GCC_WARN_ABOUT_RETURN_TYPE = YES_ERROR;
				GCC_WARN_UNDECLARED_SELECTOR = YES;
				GCC_WARN_UNINITIALIZED_AUTOS = YES_AGGRESSIVE;
				GCC_WARN_UNUSED_FUNCTION = YES;
				GCC_WARN_UNUSED_VARIABLE = YES;
				IPHONEOS_DEPLOYMENT_TARGET = 15.2;
				MTL_ENABLE_DEBUG_INFO = NO;
				MTL_FAST_MATH = YES;
				SDKROOT = iphoneos;
				SWIFT_COMPILATION_MODE = wholemodule;
				SWIFT_OPTIMIZATION_LEVEL = "-O";
				VALIDATE_PRODUCT = YES;
			};
			name = Release;
		};
		C792073627D975AF00315A6B /* Debug */ = {
			isa = XCBuildConfiguration;
			buildSettings = {
				ASSETCATALOG_COMPILER_APPICON_NAME = AppIcon;
				ASSETCATALOG_COMPILER_GLOBAL_ACCENT_COLOR_NAME = AccentColor;
				CODE_SIGN_STYLE = Automatic;
				CURRENT_PROJECT_VERSION = 1;
				DEVELOPMENT_ASSET_PATHS = "\"AfricaApp/Preview Content\"";
				DEVELOPMENT_TEAM = V5FAL96G48;
				ENABLE_PREVIEWS = YES;
				GENERATE_INFOPLIST_FILE = YES;
				INFOPLIST_FILE = AfricaApp/Info.plist;
				INFOPLIST_KEY_UIApplicationSceneManifest_Generation = YES;
				INFOPLIST_KEY_UIApplicationSupportsIndirectInputEvents = YES;
				INFOPLIST_KEY_UISupportedInterfaceOrientations_iPad = "UIInterfaceOrientationPortrait UIInterfaceOrientationPortraitUpsideDown UIInterfaceOrientationLandscapeLeft UIInterfaceOrientationLandscapeRight";
				INFOPLIST_KEY_UISupportedInterfaceOrientations_iPhone = "UIInterfaceOrientationPortrait UIInterfaceOrientationLandscapeLeft UIInterfaceOrientationLandscapeRight";
				INFOPLIST_KEY_UIUserInterfaceStyle = Dark;
				LD_RUNPATH_SEARCH_PATHS = (
					"$(inherited)",
					"@executable_path/Frameworks",
				);
				MARKETING_VERSION = 1.0;
				PRODUCT_BUNDLE_IDENTIFIER = dev.webelieve.AfricaApp;
				PRODUCT_NAME = "$(TARGET_NAME)";
				SWIFT_EMIT_LOC_STRINGS = YES;
				SWIFT_VERSION = 5.0;
				TARGETED_DEVICE_FAMILY = "1,2";
			};
			name = Debug;
		};
		C792073727D975AF00315A6B /* Release */ = {
			isa = XCBuildConfiguration;
			buildSettings = {
				ASSETCATALOG_COMPILER_APPICON_NAME = AppIcon;
				ASSETCATALOG_COMPILER_GLOBAL_ACCENT_COLOR_NAME = AccentColor;
				CODE_SIGN_STYLE = Automatic;
				CURRENT_PROJECT_VERSION = 1;
				DEVELOPMENT_ASSET_PATHS = "\"AfricaApp/Preview Content\"";
				DEVELOPMENT_TEAM = V5FAL96G48;
				ENABLE_PREVIEWS = YES;
				GENERATE_INFOPLIST_FILE = YES;
				INFOPLIST_FILE = AfricaApp/Info.plist;
				INFOPLIST_KEY_UIApplicationSceneManifest_Generation = YES;
				INFOPLIST_KEY_UIApplicationSupportsIndirectInputEvents = YES;
				INFOPLIST_KEY_UISupportedInterfaceOrientations_iPad = "UIInterfaceOrientationPortrait UIInterfaceOrientationPortraitUpsideDown UIInterfaceOrientationLandscapeLeft UIInterfaceOrientationLandscapeRight";
				INFOPLIST_KEY_UISupportedInterfaceOrientations_iPhone = "UIInterfaceOrientationPortrait UIInterfaceOrientationLandscapeLeft UIInterfaceOrientationLandscapeRight";
				INFOPLIST_KEY_UIUserInterfaceStyle = Dark;
				LD_RUNPATH_SEARCH_PATHS = (
					"$(inherited)",
					"@executable_path/Frameworks",
				);
				MARKETING_VERSION = 1.0;
				PRODUCT_BUNDLE_IDENTIFIER = dev.webelieve.AfricaApp;
				PRODUCT_NAME = "$(TARGET_NAME)";
				SWIFT_EMIT_LOC_STRINGS = YES;
				SWIFT_VERSION = 5.0;
				TARGETED_DEVICE_FAMILY = "1,2";
			};
			name = Release;
		};
		C792073927D975AF00315A6B /* Debug */ = {
			isa = XCBuildConfiguration;
			buildSettings = {
				ALWAYS_EMBED_SWIFT_STANDARD_LIBRARIES = YES;
				BUNDLE_LOADER = "$(TEST_HOST)";
				CODE_SIGN_STYLE = Automatic;
				CURRENT_PROJECT_VERSION = 1;
				DEVELOPMENT_TEAM = V5FAL96G48;
				GENERATE_INFOPLIST_FILE = YES;
				IPHONEOS_DEPLOYMENT_TARGET = 15.2;
				MARKETING_VERSION = 1.0;
				PRODUCT_BUNDLE_IDENTIFIER = dev.webelieve.AfricaAppTests;
				PRODUCT_NAME = "$(TARGET_NAME)";
				SWIFT_EMIT_LOC_STRINGS = NO;
				SWIFT_VERSION = 5.0;
				TARGETED_DEVICE_FAMILY = "1,2";
				TEST_HOST = "$(BUILT_PRODUCTS_DIR)/AfricaApp.app/AfricaApp";
			};
			name = Debug;
		};
		C792073A27D975AF00315A6B /* Release */ = {
			isa = XCBuildConfiguration;
			buildSettings = {
				ALWAYS_EMBED_SWIFT_STANDARD_LIBRARIES = YES;
				BUNDLE_LOADER = "$(TEST_HOST)";
				CODE_SIGN_STYLE = Automatic;
				CURRENT_PROJECT_VERSION = 1;
				DEVELOPMENT_TEAM = V5FAL96G48;
				GENERATE_INFOPLIST_FILE = YES;
				IPHONEOS_DEPLOYMENT_TARGET = 15.2;
				MARKETING_VERSION = 1.0;
				PRODUCT_BUNDLE_IDENTIFIER = dev.webelieve.AfricaAppTests;
				PRODUCT_NAME = "$(TARGET_NAME)";
				SWIFT_EMIT_LOC_STRINGS = NO;
				SWIFT_VERSION = 5.0;
				TARGETED_DEVICE_FAMILY = "1,2";
				TEST_HOST = "$(BUILT_PRODUCTS_DIR)/AfricaApp.app/AfricaApp";
			};
			name = Release;
		};
		C792073C27D975AF00315A6B /* Debug */ = {
			isa = XCBuildConfiguration;
			buildSettings = {
				ALWAYS_EMBED_SWIFT_STANDARD_LIBRARIES = YES;
				CODE_SIGN_STYLE = Automatic;
				CURRENT_PROJECT_VERSION = 1;
				DEVELOPMENT_TEAM = V5FAL96G48;
				GENERATE_INFOPLIST_FILE = YES;
				MARKETING_VERSION = 1.0;
				PRODUCT_BUNDLE_IDENTIFIER = dev.webelieve.AfricaAppUITests;
				PRODUCT_NAME = "$(TARGET_NAME)";
				SWIFT_EMIT_LOC_STRINGS = NO;
				SWIFT_VERSION = 5.0;
				TARGETED_DEVICE_FAMILY = "1,2";
				TEST_TARGET_NAME = AfricaApp;
			};
			name = Debug;
		};
		C792073D27D975AF00315A6B /* Release */ = {
			isa = XCBuildConfiguration;
			buildSettings = {
				ALWAYS_EMBED_SWIFT_STANDARD_LIBRARIES = YES;
				CODE_SIGN_STYLE = Automatic;
				CURRENT_PROJECT_VERSION = 1;
				DEVELOPMENT_TEAM = V5FAL96G48;
				GENERATE_INFOPLIST_FILE = YES;
				MARKETING_VERSION = 1.0;
				PRODUCT_BUNDLE_IDENTIFIER = dev.webelieve.AfricaAppUITests;
				PRODUCT_NAME = "$(TARGET_NAME)";
				SWIFT_EMIT_LOC_STRINGS = NO;
				SWIFT_VERSION = 5.0;
				TARGETED_DEVICE_FAMILY = "1,2";
				TEST_TARGET_NAME = AfricaApp;
			};
			name = Release;
		};
/* End XCBuildConfiguration section */

/* Begin XCConfigurationList section */
		C792070C27D975AE00315A6B /* Build configuration list for PBXProject "AfricaApp" */ = {
			isa = XCConfigurationList;
			buildConfigurations = (
				C792073327D975AF00315A6B /* Debug */,
				C792073427D975AF00315A6B /* Release */,
			);
			defaultConfigurationIsVisible = 0;
			defaultConfigurationName = Release;
		};
		C792073527D975AF00315A6B /* Build configuration list for PBXNativeTarget "AfricaApp" */ = {
			isa = XCConfigurationList;
			buildConfigurations = (
				C792073627D975AF00315A6B /* Debug */,
				C792073727D975AF00315A6B /* Release */,
			);
			defaultConfigurationIsVisible = 0;
			defaultConfigurationName = Release;
		};
		C792073827D975AF00315A6B /* Build configuration list for PBXNativeTarget "AfricaAppTests" */ = {
			isa = XCConfigurationList;
			buildConfigurations = (
				C792073927D975AF00315A6B /* Debug */,
				C792073A27D975AF00315A6B /* Release */,
			);
			defaultConfigurationIsVisible = 0;
			defaultConfigurationName = Release;
		};
		C792073B27D975AF00315A6B /* Build configuration list for PBXNativeTarget "AfricaAppUITests" */ = {
			isa = XCConfigurationList;
			buildConfigurations = (
				C792073C27D975AF00315A6B /* Debug */,
				C792073D27D975AF00315A6B /* Release */,
			);
			defaultConfigurationIsVisible = 0;
			defaultConfigurationName = Release;
		};
/* End XCConfigurationList section */
	};
	rootObject = C792070927D975AE00315A6B /* Project object */;
}
